<?xml version="1.0" encoding="utf-8"?>
<Project ToolsVersion="4.0" xmlns="http://schemas.microsoft.com/developer/msbuild/2003">
  <ItemGroup>
    <Filter Include="ソース ファイル">
      <UniqueIdentifier>{4FC737F1-C7A5-4376-A066-2A32D752A2FF}</UniqueIdentifier>
      <Extensions>cpp;c;cc;cxx;c++;cppm;ixx;def;odl;idl;hpj;bat;asm;asmx</Extensions>
    </Filter>
    <Filter Include="ヘッダー ファイル">
      <UniqueIdentifier>{93995380-89BD-4b04-88EB-625FBE52EBFB}</UniqueIdentifier>
      <Extensions>h;hh;hpp;hxx;h++;hm;inl;inc;ipp;xsd</Extensions>
    </Filter>
    <Filter Include="リソース ファイル">
      <UniqueIdentifier>{67DA6AB6-F800-4c08-8B7A-83BB121AAD01}</UniqueIdentifier>
      <Extensions>rc;ico;cur;bmp;dlg;rc2;rct;bin;rgs;gif;jpg;jpeg;jpe;resx;tiff;tif;png;wav;mfcribbon-ms</Extensions>
    </Filter>
  </ItemGroup>
  <ItemGroup>
    <ClCompile Include="player.cpp">
      <Filter>ソース ファイル</Filter>
    </ClCompile>
    <ClCompile Include="AnimationModule.cpp">
      <Filter>ソース ファイル</Filter>
    </ClCompile>
    <ClCompile Include="BulletManager.cpp">
      <Filter>ソース ファイル</Filter>
    </ClCompile>
    <ClCompile Include="DebugManager.cpp">
      <Filter>ソース ファイル</Filter>
    </ClCompile>
    <ClCompile Include="EnemyBase.cpp">
      <Filter>ソース ファイル</Filter>
    </ClCompile>
    <ClCompile Include="EnemyManager.cpp">
      <Filter>ソース ファイル</Filter>
    </ClCompile>
    <ClCompile Include="GameState.cpp">
      <Filter>ソース ファイル</Filter>
    </ClCompile>
    <ClCompile Include="GameStateAction.cpp">
      <Filter>ソース ファイル</Filter>
    </ClCompile>
    <ClCompile Include="GameStateBase.cpp">
      <Filter>ソース ファイル</Filter>
    </ClCompile>
    <ClCompile Include="GameStateGameOver.cpp">
      <Filter>ソース ファイル</Filter>
    </ClCompile>
    <ClCompile Include="GameStateTitle.cpp">
      <Filter>ソース ファイル</Filter>
    </ClCompile>
    <ClCompile Include="GimmickBase.cpp">
      <Filter>ソース ファイル</Filter>
    </ClCompile>
    <ClCompile Include="GimmickManager.cpp">
      <Filter>ソース ファイル</Filter>
    </ClCompile>
    <ClCompile Include="GoalGimmick.cpp">
      <Filter>ソース ファイル</Filter>
    </ClCompile>
    <ClCompile Include="InputManager.cpp">
      <Filter>ソース ファイル</Filter>
    </ClCompile>
    <ClCompile Include="PlayerStateBase.cpp">
      <Filter>ソース ファイル</Filter>
    </ClCompile>
    <ClCompile Include="PlayerStateIdle.cpp">
      <Filter>ソース ファイル</Filter>
    </ClCompile>
    <ClCompile Include="PlayerStateIsJumping.cpp">
      <Filter>ソース ファイル</Filter>
    </ClCompile>
    <ClCompile Include="PlayerStateShoot.cpp">
      <Filter>ソース ファイル</Filter>
    </ClCompile>
    <ClCompile Include="PlayerStateWalk.cpp">
      <Filter>ソース ファイル</Filter>
    </ClCompile>
    <ClCompile Include="Singleton.cpp">
      <Filter>ソース ファイル</Filter>
    </ClCompile>
    <ClCompile Include="StageData1.cpp">
      <Filter>ソース ファイル</Filter>
    </ClCompile>
    <ClCompile Include="StageData2.cpp">
      <Filter>ソース ファイル</Filter>
    </ClCompile>
    <ClCompile Include="StageDataBase.cpp">
      <Filter>ソース ファイル</Filter>
    </ClCompile>
    <ClCompile Include="StateManager.cpp">
      <Filter>ソース ファイル</Filter>
    </ClCompile>
    <ClCompile Include="StateApproach.cpp">
      <Filter>ソース ファイル</Filter>
    </ClCompile>
    <ClCompile Include="StateBase.cpp">
      <Filter>ソース ファイル</Filter>
    </ClCompile>
    <ClCompile Include="StatePatrol.cpp">
      <Filter>ソース ファイル</Filter>
    </ClCompile>
    <ClCompile Include="StateShoot.cpp">
      <Filter>ソース ファイル</Filter>
    </ClCompile>
    <ClCompile Include="TestEnemy.cpp">
      <Filter>ソース ファイル</Filter>
    </ClCompile>
    <ClCompile Include="actor.cpp">
      <Filter>ソース ファイル</Filter>
    </ClCompile>
    <ClCompile Include="bullet.cpp">
      <Filter>ソース ファイル</Filter>
    </ClCompile>
    <ClCompile Include="main.cpp">
      <Filter>ソース ファイル</Filter>
    </ClCompile>
    <ClCompile Include="stage.cpp">
      <Filter>ソース ファイル</Filter>
    </ClCompile>
    <ClCompile Include="stdafx.cpp">
      <Filter>ソース ファイル</Filter>
    </ClCompile>
    <ClCompile Include="StageManager.cpp">
      <Filter>ソース ファイル</Filter>
    </ClCompile>
  </ItemGroup>
  <ItemGroup>
    <ClInclude Include="player.h">
      <Filter>ソース ファイル</Filter>
    </ClInclude>
    <ClInclude Include="AnimationModule.h">
      <Filter>ソース ファイル</Filter>
    </ClInclude>
    <ClInclude Include="BulletManager.h">
      <Filter>ソース ファイル</Filter>
    </ClInclude>
    <ClInclude Include="DebugManager.h">
      <Filter>ソース ファイル</Filter>
    </ClInclude>
    <ClInclude Include="EnemyBase.h">
      <Filter>ソース ファイル</Filter>
    </ClInclude>
    <ClInclude Include="EnemyManager.h">
      <Filter>ソース ファイル</Filter>
    </ClInclude>
    <ClInclude Include="GameState.h">
      <Filter>ソース ファイル</Filter>
    </ClInclude>
    <ClInclude Include="GameStateAction.h">
      <Filter>ソース ファイル</Filter>
    </ClInclude>
    <ClInclude Include="GameStateBase.h">
      <Filter>ソース ファイル</Filter>
    </ClInclude>
    <ClInclude Include="GameStateGameOver.h">
      <Filter>ソース ファイル</Filter>
    </ClInclude>
    <ClInclude Include="GameStateTitle.h">
      <Filter>ソース ファイル</Filter>
    </ClInclude>
    <ClInclude Include="GimmickBase.h">
      <Filter>ソース ファイル</Filter>
    </ClInclude>
    <ClInclude Include="GimmickManager.h">
      <Filter>ソース ファイル</Filter>
    </ClInclude>
    <ClInclude Include="GoalGimmick.h">
      <Filter>ソース ファイル</Filter>
    </ClInclude>
    <ClInclude Include="InputManager.h">
      <Filter>ソース ファイル</Filter>
    </ClInclude>
    <ClInclude Include="PlayerStateBase.h">
      <Filter>ソース ファイル</Filter>
    </ClInclude>
    <ClInclude Include="PlayerStateIdle.h">
      <Filter>ソース ファイル</Filter>
    </ClInclude>
    <ClInclude Include="PlayerStateIsJumping.h">
      <Filter>ソース ファイル</Filter>
    </ClInclude>
    <ClInclude Include="PlayerStateShoot.h">
      <Filter>ソース ファイル</Filter>
    </ClInclude>
    <ClInclude Include="PlayerStateWalk.h">
      <Filter>ソース ファイル</Filter>
    </ClInclude>
    <ClInclude Include="Singleton.h">
      <Filter>ソース ファイル</Filter>
    </ClInclude>
    <ClInclude Include="StageData1.h">
      <Filter>ソース ファイル</Filter>
    </ClInclude>
    <ClInclude Include="StageData2.h">
      <Filter>ソース ファイル</Filter>
    </ClInclude>
    <ClInclude Include="StageDataBase.h">
      <Filter>ソース ファイル</Filter>
    </ClInclude>
    <ClInclude Include="StateManager.h">
      <Filter>ソース ファイル</Filter>
    </ClInclude>
    <ClInclude Include="StateApproach.h">
      <Filter>ソース ファイル</Filter>
    </ClInclude>
    <ClInclude Include="StateBase.h">
      <Filter>ソース ファイル</Filter>
    </ClInclude>
    <ClInclude Include="StatePatrol.h">
      <Filter>ソース ファイル</Filter>
    </ClInclude>
    <ClInclude Include="StateShoot.h">
      <Filter>ソース ファイル</Filter>
    </ClInclude>
    <ClInclude Include="TestEnemy.h">
      <Filter>ソース ファイル</Filter>
    </ClInclude>
    <ClInclude Include="actor.h">
      <Filter>ソース ファイル</Filter>
    </ClInclude>
    <ClInclude Include="bullet.h">
      <Filter>ソース ファイル</Filter>
    </ClInclude>
    <ClInclude Include="define.h">
      <Filter>ソース ファイル</Filter>
    </ClInclude>
    <ClInclude Include="stage.h">
      <Filter>ソース ファイル</Filter>
    </ClInclude>
    <ClInclude Include="stdafx.h">
      <Filter>ソース ファイル</Filter>
    </ClInclude>
    <ClInclude Include="StageManager.h">
      <Filter>ソース ファイル</Filter>
    </ClInclude>
  </ItemGroup>
</Project>